
Microsoft Visual Studio Solution File, Format Version 12.00
# Visual Studio Version 17
VisualStudioVersion = 17.11.35219.272
MinimumVisualStudioVersion = 10.0.40219.1
Project("{FAE04EC0-301F-11D3-BF4B-00C04F79EFBC}") = "NumeroMayor=Igual a 12", "NumeroMayor=Igual a 12\NumeroMayor=Igual a 12.csproj", "{13822C75-BBED-4F8F-9E7C-10D8091FBBC7}"
EndProject
Global
	GlobalSection(SolutionConfigurationPlatforms) = preSolution
		Debug|Any CPU = Debug|Any CPU
		Release|Any CPU = Release|Any CPU
	EndGlobalSection
	GlobalSection(ProjectConfigurationPlatforms) = postSolution
		{13822C75-BBED-4F8F-9E7C-10D8091FBBC7}.Debug|Any CPU.ActiveCfg = Debug|Any CPU
		{13822C75-BBED-4F8F-9E7C-10D8091FBBC7}.Debug|Any CPU.Build.0 = Debug|Any CPU
		{13822C75-BBED-4F8F-9E7C-10D8091FBBC7}.Release|Any CPU.ActiveCfg = Release|Any CPU
		{13822C75-BBED-4F8F-9E7C-10D8091FBBC7}.Release|Any CPU.Build.0 = Release|Any CPU
	EndGlobalSection
	GlobalSection(SolutionProperties) = preSolution
		HideSolutionNode = FALSE
	EndGlobalSection
	GlobalSection(ExtensibilityGlobals) = postSolution
		SolutionGuid = {795C44AD-2E88-416F-A727-385467B34B04}
	EndGlobalSection
EndGlobal
